{
    "_meta": {
        "hash": {
            "sha256": "abd729d5779a553c238dc442ee10d360e394d31b908507b2a3561b0ad8cb73c3"
        },
        "pipfile-spec": 6,
        "requires": {
            "python_version": "3.8"
        },
        "sources": [
            {
                "name": "pypi",
                "url": "https://pypi.org/simple",
                "verify_ssl": true
            }
        ]
    },
    "default": {
        "norminette": {
            "hashes": [
                "sha256:b9ccc0dce7a8f75e2bc6e494d3798b1e5eab7eb2dc5ef9becd0650594e06bb4f"
            ],
            "index": "pypi",
            "version": "==3.3.32"
        }
    },
    "develop": {}
}
